
Microsoft Visual Studio Solution File, Format Version 12.00
# Visual Studio Version 16
VisualStudioVersion = 16.0.33529.622
MinimumVisualStudioVersion = 10.0.40219.1
Project("{FAE04EC0-301F-11D3-BF4B-00C04F79EFBC}") = "WolverineLauncher", "WolverineLauncher\WolverineLauncher.csproj", "{4A941FDD-05A8-4F9A-A879-983464699695}"
EndProject
Global
	GlobalSection(SolutionConfigurationPlatforms) = preSolution
		Debug|Any CPU = Debug|Any CPU
		Release|Any CPU = Release|Any CPU
	EndGlobalSection
	GlobalSection(ProjectConfigurationPlatforms) = postSolution
		{4A941FDD-05A8-4F9A-A879-983464699695}.Debug|Any CPU.ActiveCfg = Debug|Any CPU
		{4A941FDD-05A8-4F9A-A879-983464699695}.Debug|Any CPU.Build.0 = Debug|Any CPU
		{4A941FDD-05A8-4F9A-A879-983464699695}.Release|Any CPU.ActiveCfg = Release|Any CPU
		{4A941FDD-05A8-4F9A-A879-983464699695}.Release|Any CPU.Build.0 = Release|Any CPU
	EndGlobalSection
	GlobalSection(SolutionProperties) = preSolution
		HideSolutionNode = FALSE
	EndGlobalSection
	GlobalSection(ExtensibilityGlobals) = postSolution
		SolutionGuid = {6A87BFAD-11BF-415A-A721-F4DB2FA82B66}
	EndGlobalSection
EndGlobal
